
Microsoft Visual Studio Solution File, Format Version 12.00
# Visual Studio 15
VisualStudioVersion = 15.0.28307.645
MinimumVisualStudioVersion = 10.0.40219.1
Project("{FAE04EC0-301F-11D3-BF4B-00C04F79EFBC}") = "SimplySerial", "SimplySerial.csproj", "{3C7DB929-519C-44A3-A68F-2646CC595CAE}"
EndProject
Global
	GlobalSection(SolutionConfigurationPlatforms) = preSolution
		Debug|Any CPU = Debug|Any CPU
		Release|Any CPU = Release|Any CPU
	EndGlobalSection
	GlobalSection(ProjectConfigurationPlatforms) = postSolution
		{3C7DB929-519C-44A3-A68F-2646CC595CAE}.Debug|Any CPU.ActiveCfg = Debug|Any CPU
		{3C7DB929-519C-44A3-A68F-2646CC595CAE}.Debug|Any CPU.Build.0 = Debug|Any CPU
		{3C7DB929-519C-44A3-A68F-2646CC595CAE}.Release|Any CPU.ActiveCfg = Release|Any CPU
		{3C7DB929-519C-44A3-A68F-2646CC595CAE}.Release|Any CPU.Build.0 = Release|Any CPU
	EndGlobalSection
	GlobalSection(SolutionProperties) = preSolution
		HideSolutionNode = FALSE
	EndGlobalSection
	GlobalSection(ExtensibilityGlobals) = postSolution
		SolutionGuid = {253902E3-B5BC-46E5-AA45-F17A6C84A16C}
	EndGlobalSection
EndGlobal
